
Microsoft Visual Studio Solution File, Format Version 12.00
# Visual Studio 15
VisualStudioVersion = 15.0.27428.2027
MinimumVisualStudioVersion = 10.0.40219.1
Project("{FAE04EC0-301F-11D3-BF4B-00C04F79EFBC}") = "TZTestWeb", "TZTestWeb\TZTestWeb.csproj", "{9476D9C5-2C66-4E6B-A715-2DB8BEA826D0}"
EndProject
Project("{E24C65DC-7377-472B-9ABA-BC803B73C61A}") = "TZTestUI", "..\TZTestUI\", "{F311E253-B1EA-41F3-966F-56AF818253F6}"
	ProjectSection(WebsiteProperties) = preProject
		TargetFrameworkMoniker = ".NETFramework,Version%3Dv4.0"
		Debug.AspNetCompiler.VirtualPath = "/localhost_62167"
		Debug.AspNetCompiler.PhysicalPath = "..\TZTestUI\"
		Debug.AspNetCompiler.TargetPath = "PrecompiledWeb\localhost_62167\"
		Debug.AspNetCompiler.Updateable = "true"
		Debug.AspNetCompiler.ForceOverwrite = "true"
		Debug.AspNetCompiler.FixedNames = "false"
		Debug.AspNetCompiler.Debug = "True"
		Release.AspNetCompiler.VirtualPath = "/localhost_62167"
		Release.AspNetCompiler.PhysicalPath = "..\TZTestUI\"
		Release.AspNetCompiler.TargetPath = "PrecompiledWeb\localhost_62167\"
		Release.AspNetCompiler.Updateable = "true"
		Release.AspNetCompiler.ForceOverwrite = "true"
		Release.AspNetCompiler.FixedNames = "false"
		Release.AspNetCompiler.Debug = "False"
		VWDPort = "62167"
		SlnRelativePath = "..\TZTestUI\"
	EndProjectSection
EndProject
Global
	GlobalSection(SolutionConfigurationPlatforms) = preSolution
		Debug|Any CPU = Debug|Any CPU
		Release|Any CPU = Release|Any CPU
	EndGlobalSection
	GlobalSection(ProjectConfigurationPlatforms) = postSolution
		{9476D9C5-2C66-4E6B-A715-2DB8BEA826D0}.Debug|Any CPU.ActiveCfg = Debug|Any CPU
		{9476D9C5-2C66-4E6B-A715-2DB8BEA826D0}.Debug|Any CPU.Build.0 = Debug|Any CPU
		{9476D9C5-2C66-4E6B-A715-2DB8BEA826D0}.Release|Any CPU.ActiveCfg = Release|Any CPU
		{9476D9C5-2C66-4E6B-A715-2DB8BEA826D0}.Release|Any CPU.Build.0 = Release|Any CPU
		{F311E253-B1EA-41F3-966F-56AF818253F6}.Debug|Any CPU.ActiveCfg = Debug|Any CPU
		{F311E253-B1EA-41F3-966F-56AF818253F6}.Debug|Any CPU.Build.0 = Debug|Any CPU
		{F311E253-B1EA-41F3-966F-56AF818253F6}.Release|Any CPU.ActiveCfg = Debug|Any CPU
		{F311E253-B1EA-41F3-966F-56AF818253F6}.Release|Any CPU.Build.0 = Debug|Any CPU
	EndGlobalSection
	GlobalSection(SolutionProperties) = preSolution
		HideSolutionNode = FALSE
	EndGlobalSection
	GlobalSection(ExtensibilityGlobals) = postSolution
		SolutionGuid = {C52CF60B-A179-4D34-AEB5-7AEDD63FEF8D}
	EndGlobalSection
EndGlobal
